
Microsoft Visual Studio Solution File, Format Version 12.00
# Visual Studio Version 17
VisualStudioVersion = 17.8.34330.188
MinimumVisualStudioVersion = 10.0.40219.1
Project("{FAE04EC0-301F-11D3-BF4B-00C04F79EFBC}") = "Hello", "Hello\Hello.csproj", "{D5CE3656-FEAD-4A90-A866-421116E97205}"
EndProject
Global
	GlobalSection(SolutionConfigurationPlatforms) = preSolution
		Debug|Any CPU = Debug|Any CPU
		Release|Any CPU = Release|Any CPU
	EndGlobalSection
	GlobalSection(ProjectConfigurationPlatforms) = postSolution
		{D5CE3656-FEAD-4A90-A866-421116E97205}.Debug|Any CPU.ActiveCfg = Debug|Any CPU
		{D5CE3656-FEAD-4A90-A866-421116E97205}.Debug|Any CPU.Build.0 = Debug|Any CPU
		{D5CE3656-FEAD-4A90-A866-421116E97205}.Release|Any CPU.ActiveCfg = Release|Any CPU
		{D5CE3656-FEAD-4A90-A866-421116E97205}.Release|Any CPU.Build.0 = Release|Any CPU
	EndGlobalSection
	GlobalSection(SolutionProperties) = preSolution
		HideSolutionNode = FALSE
	EndGlobalSection
	GlobalSection(ExtensibilityGlobals) = postSolution
		SolutionGuid = {E79F5E9F-37FD-4A73-B81E-BB3E48ED16A0}
	EndGlobalSection
EndGlobal
